
Microsoft Visual Studio Solution File, Format Version 12.00
# Visual Studio Version 16
VisualStudioVersion = 16.0.808.6
MinimumVisualStudioVersion = 10.0.40219.1
Project("{FAE04EC0-301F-11D3-BF4B-00C04F79EFBC}") = "Compatibility_Test", "Compatibility_Test\Compatibility_Test.csproj", "{EC8BEE7C-EEA1-4039-B757-F7D8F9EDAFBB}"
EndProject
Global
	GlobalSection(SolutionConfigurationPlatforms) = preSolution
		Debug|Any CPU = Debug|Any CPU
		Release|Any CPU = Release|Any CPU
	EndGlobalSection
	GlobalSection(ProjectConfigurationPlatforms) = postSolution
		{EC8BEE7C-EEA1-4039-B757-F7D8F9EDAFBB}.Debug|Any CPU.ActiveCfg = Debug|Any CPU
		{EC8BEE7C-EEA1-4039-B757-F7D8F9EDAFBB}.Debug|Any CPU.Build.0 = Debug|Any CPU
		{EC8BEE7C-EEA1-4039-B757-F7D8F9EDAFBB}.Release|Any CPU.ActiveCfg = Release|Any CPU
		{EC8BEE7C-EEA1-4039-B757-F7D8F9EDAFBB}.Release|Any CPU.Build.0 = Release|Any CPU
	EndGlobalSection
	GlobalSection(SolutionProperties) = preSolution
		HideSolutionNode = FALSE
	EndGlobalSection
	GlobalSection(ExtensibilityGlobals) = postSolution
		SolutionGuid = {4E5EFB96-A8DC-4424-9FCD-BF83A8018035}
	EndGlobalSection
EndGlobal
